
Microsoft Visual Studio Solution File, Format Version 12.00
Project("{2150E333-8FDC-42A3-9474-1A3956D46DE8}") = "ForLoop-Lab", "ForLoop-Lab", "{C4166B00-F1E3-47ED-A528-3B28E01DA5F0}"
EndProject
Project("{FAE04EC0-301F-11D3-BF4B-00C04F79EFBC}") = "1to100", "1to100\1to100.csproj", "{FB71BD7F-9733-49B3-9959-EF3272F27938}"
EndProject
Project("{FAE04EC0-301F-11D3-BF4B-00C04F79EFBC}") = "NTo1", "NTo1\NTo1.csproj", "{C6948E2E-BEA7-43E2-9CED-697F656C1752}"
EndProject
Project("{FAE04EC0-301F-11D3-BF4B-00C04F79EFBC}") = "Numbers1toNwithStep3", "Numbers1toNwithStep3\Numbers1toNwithStep3.csproj", "{E64FAD87-D53E-4ABB-B7D9-57A7F04CAD95}"
EndProject
Project("{FAE04EC0-301F-11D3-BF4B-00C04F79EFBC}") = "EvenPowersOf2", "EvenPowersOf2\EvenPowersOf2.csproj", "{F3948D65-86E7-4666-BC7D-CC8512F11090}"
EndProject
Project("{FAE04EC0-301F-11D3-BF4B-00C04F79EFBC}") = "CharacterSequence", "CharacterSequence\CharacterSequence.csproj", "{AB0D4417-3306-430A-8D04-99C1A2B441C6}"
EndProject
Project("{FAE04EC0-301F-11D3-BF4B-00C04F79EFBC}") = "VowelsSum", "VowelsSum\VowelsSum.csproj", "{E5894EA4-0638-4F61-BBC3-F5707153526B}"
EndProject
Project("{FAE04EC0-301F-11D3-BF4B-00C04F79EFBC}") = "SumNumbers", "SumNumbers\SumNumbers.csproj", "{1CA147A2-341B-49B2-B0BE-832AABB4E8C7}"
EndProject
Project("{FAE04EC0-301F-11D3-BF4B-00C04F79EFBC}") = "NumberSequence", "NumberSequence\NumberSequence.csproj", "{F818EAE4-9DBD-4D00-B76C-C1EFF7933CA0}"
EndProject
Project("{FAE04EC0-301F-11D3-BF4B-00C04F79EFBC}") = "LeftAndRightSum", "LeftAndRightSum\LeftAndRightSum.csproj", "{59DFF3C6-4E57-4637-8EA1-E4ADAE3A1589}"
EndProject
Project("{FAE04EC0-301F-11D3-BF4B-00C04F79EFBC}") = "OddEvenSum", "OddEvenSum\OddEvenSum.csproj", "{665667B9-8E5B-4D0C-9C52-7408E7F13F4A}"
EndProject
Project("{2150E333-8FDC-42A3-9474-1A3956D46DE8}") = "ForLoop-Exercise", "ForLoop-Exercise", "{C4557591-384E-4D61-8F16-D8E4A0B64846}"
EndProject
Project("{FAE04EC0-301F-11D3-BF4B-00C04F79EFBC}") = "NumbersEndingIn7", "NumbersEndingIn7\NumbersEndingIn7.csproj", "{ABF5EF28-F033-4DA3-AD77-D6C821CFA8C3}"
EndProject
Project("{FAE04EC0-301F-11D3-BF4B-00C04F79EFBC}") = "HalfSumEl", "HalfSumEl\HalfSumEl.csproj", "{6E5A49D0-F5B7-4551-A0FA-EE0524B0D43A}"
EndProject
Project("{FAE04EC0-301F-11D3-BF4B-00C04F79EFBC}") = "Histogram", "Histogram\Histogram.csproj", "{C9972120-56EB-4DD5-8B11-276CE4650EE5}"
EndProject
Project("{FAE04EC0-301F-11D3-BF4B-00C04F79EFBC}") = "CleverLily", "CleverLily\CleverLily.csproj", "{A25C134A-0728-4E98-8526-72D789AED982}"
EndProject
Project("{FAE04EC0-301F-11D3-BF4B-00C04F79EFBC}") = "Salary", "Salary\Salary.csproj", "{75561357-C165-46AF-85AF-3F8E8BE705CA}"
EndProject
Project("{FAE04EC0-301F-11D3-BF4B-00C04F79EFBC}") = "Oscars", "Oscars\Oscars.csproj", "{7987F83D-D955-4D26-85B2-4244B721EC21}"
EndProject
Project("{FAE04EC0-301F-11D3-BF4B-00C04F79EFBC}") = "TrekkingMania", "TrekkingMania\TrekkingMania.csproj", "{A71FC665-1084-4E42-AA92-445590667743}"
EndProject
Project("{FAE04EC0-301F-11D3-BF4B-00C04F79EFBC}") = "TennisRanklist", "TennisRanklist\TennisRanklist.csproj", "{62718CE4-6755-4FF6-AB5C-B8C50C87578D}"
EndProject
Global
	GlobalSection(SolutionConfigurationPlatforms) = preSolution
		Debug|Any CPU = Debug|Any CPU
		Release|Any CPU = Release|Any CPU
	EndGlobalSection
	GlobalSection(ProjectConfigurationPlatforms) = postSolution
		{FB71BD7F-9733-49B3-9959-EF3272F27938}.Debug|Any CPU.ActiveCfg = Debug|Any CPU
		{FB71BD7F-9733-49B3-9959-EF3272F27938}.Debug|Any CPU.Build.0 = Debug|Any CPU
		{FB71BD7F-9733-49B3-9959-EF3272F27938}.Release|Any CPU.ActiveCfg = Release|Any CPU
		{FB71BD7F-9733-49B3-9959-EF3272F27938}.Release|Any CPU.Build.0 = Release|Any CPU
		{C6948E2E-BEA7-43E2-9CED-697F656C1752}.Debug|Any CPU.ActiveCfg = Debug|Any CPU
		{C6948E2E-BEA7-43E2-9CED-697F656C1752}.Debug|Any CPU.Build.0 = Debug|Any CPU
		{C6948E2E-BEA7-43E2-9CED-697F656C1752}.Release|Any CPU.ActiveCfg = Release|Any CPU
		{C6948E2E-BEA7-43E2-9CED-697F656C1752}.Release|Any CPU.Build.0 = Release|Any CPU
		{E64FAD87-D53E-4ABB-B7D9-57A7F04CAD95}.Debug|Any CPU.ActiveCfg = Debug|Any CPU
		{E64FAD87-D53E-4ABB-B7D9-57A7F04CAD95}.Debug|Any CPU.Build.0 = Debug|Any CPU
		{E64FAD87-D53E-4ABB-B7D9-57A7F04CAD95}.Release|Any CPU.ActiveCfg = Release|Any CPU
		{E64FAD87-D53E-4ABB-B7D9-57A7F04CAD95}.Release|Any CPU.Build.0 = Release|Any CPU
		{F3948D65-86E7-4666-BC7D-CC8512F11090}.Debug|Any CPU.ActiveCfg = Debug|Any CPU
		{F3948D65-86E7-4666-BC7D-CC8512F11090}.Debug|Any CPU.Build.0 = Debug|Any CPU
		{F3948D65-86E7-4666-BC7D-CC8512F11090}.Release|Any CPU.ActiveCfg = Release|Any CPU
		{F3948D65-86E7-4666-BC7D-CC8512F11090}.Release|Any CPU.Build.0 = Release|Any CPU
		{AB0D4417-3306-430A-8D04-99C1A2B441C6}.Debug|Any CPU.ActiveCfg = Debug|Any CPU
		{AB0D4417-3306-430A-8D04-99C1A2B441C6}.Debug|Any CPU.Build.0 = Debug|Any CPU
		{AB0D4417-3306-430A-8D04-99C1A2B441C6}.Release|Any CPU.ActiveCfg = Release|Any CPU
		{AB0D4417-3306-430A-8D04-99C1A2B441C6}.Release|Any CPU.Build.0 = Release|Any CPU
		{E5894EA4-0638-4F61-BBC3-F5707153526B}.Debug|Any CPU.ActiveCfg = Debug|Any CPU
		{E5894EA4-0638-4F61-BBC3-F5707153526B}.Debug|Any CPU.Build.0 = Debug|Any CPU
		{E5894EA4-0638-4F61-BBC3-F5707153526B}.Release|Any CPU.ActiveCfg = Release|Any CPU
		{E5894EA4-0638-4F61-BBC3-F5707153526B}.Release|Any CPU.Build.0 = Release|Any CPU
		{1CA147A2-341B-49B2-B0BE-832AABB4E8C7}.Debug|Any CPU.ActiveCfg = Debug|Any CPU
		{1CA147A2-341B-49B2-B0BE-832AABB4E8C7}.Debug|Any CPU.Build.0 = Debug|Any CPU
		{1CA147A2-341B-49B2-B0BE-832AABB4E8C7}.Release|Any CPU.ActiveCfg = Release|Any CPU
		{1CA147A2-341B-49B2-B0BE-832AABB4E8C7}.Release|Any CPU.Build.0 = Release|Any CPU
		{F818EAE4-9DBD-4D00-B76C-C1EFF7933CA0}.Debug|Any CPU.ActiveCfg = Debug|Any CPU
		{F818EAE4-9DBD-4D00-B76C-C1EFF7933CA0}.Debug|Any CPU.Build.0 = Debug|Any CPU
		{F818EAE4-9DBD-4D00-B76C-C1EFF7933CA0}.Release|Any CPU.ActiveCfg = Release|Any CPU
		{F818EAE4-9DBD-4D00-B76C-C1EFF7933CA0}.Release|Any CPU.Build.0 = Release|Any CPU
		{59DFF3C6-4E57-4637-8EA1-E4ADAE3A1589}.Debug|Any CPU.ActiveCfg = Debug|Any CPU
		{59DFF3C6-4E57-4637-8EA1-E4ADAE3A1589}.Debug|Any CPU.Build.0 = Debug|Any CPU
		{59DFF3C6-4E57-4637-8EA1-E4ADAE3A1589}.Release|Any CPU.ActiveCfg = Release|Any CPU
		{59DFF3C6-4E57-4637-8EA1-E4ADAE3A1589}.Release|Any CPU.Build.0 = Release|Any CPU
		{665667B9-8E5B-4D0C-9C52-7408E7F13F4A}.Debug|Any CPU.ActiveCfg = Debug|Any CPU
		{665667B9-8E5B-4D0C-9C52-7408E7F13F4A}.Debug|Any CPU.Build.0 = Debug|Any CPU
		{665667B9-8E5B-4D0C-9C52-7408E7F13F4A}.Release|Any CPU.ActiveCfg = Release|Any CPU
		{665667B9-8E5B-4D0C-9C52-7408E7F13F4A}.Release|Any CPU.Build.0 = Release|Any CPU
		{ABF5EF28-F033-4DA3-AD77-D6C821CFA8C3}.Debug|Any CPU.ActiveCfg = Debug|Any CPU
		{ABF5EF28-F033-4DA3-AD77-D6C821CFA8C3}.Debug|Any CPU.Build.0 = Debug|Any CPU
		{ABF5EF28-F033-4DA3-AD77-D6C821CFA8C3}.Release|Any CPU.ActiveCfg = Release|Any CPU
		{ABF5EF28-F033-4DA3-AD77-D6C821CFA8C3}.Release|Any CPU.Build.0 = Release|Any CPU
		{6E5A49D0-F5B7-4551-A0FA-EE0524B0D43A}.Debug|Any CPU.ActiveCfg = Debug|Any CPU
		{6E5A49D0-F5B7-4551-A0FA-EE0524B0D43A}.Debug|Any CPU.Build.0 = Debug|Any CPU
		{6E5A49D0-F5B7-4551-A0FA-EE0524B0D43A}.Release|Any CPU.ActiveCfg = Release|Any CPU
		{6E5A49D0-F5B7-4551-A0FA-EE0524B0D43A}.Release|Any CPU.Build.0 = Release|Any CPU
		{C9972120-56EB-4DD5-8B11-276CE4650EE5}.Debug|Any CPU.ActiveCfg = Debug|Any CPU
		{C9972120-56EB-4DD5-8B11-276CE4650EE5}.Debug|Any CPU.Build.0 = Debug|Any CPU
		{C9972120-56EB-4DD5-8B11-276CE4650EE5}.Release|Any CPU.ActiveCfg = Release|Any CPU
		{C9972120-56EB-4DD5-8B11-276CE4650EE5}.Release|Any CPU.Build.0 = Release|Any CPU
		{A25C134A-0728-4E98-8526-72D789AED982}.Debug|Any CPU.ActiveCfg = Debug|Any CPU
		{A25C134A-0728-4E98-8526-72D789AED982}.Debug|Any CPU.Build.0 = Debug|Any CPU
		{A25C134A-0728-4E98-8526-72D789AED982}.Release|Any CPU.ActiveCfg = Release|Any CPU
		{A25C134A-0728-4E98-8526-72D789AED982}.Release|Any CPU.Build.0 = Release|Any CPU
		{75561357-C165-46AF-85AF-3F8E8BE705CA}.Debug|Any CPU.ActiveCfg = Debug|Any CPU
		{75561357-C165-46AF-85AF-3F8E8BE705CA}.Debug|Any CPU.Build.0 = Debug|Any CPU
		{75561357-C165-46AF-85AF-3F8E8BE705CA}.Release|Any CPU.ActiveCfg = Release|Any CPU
		{75561357-C165-46AF-85AF-3F8E8BE705CA}.Release|Any CPU.Build.0 = Release|Any CPU
		{7987F83D-D955-4D26-85B2-4244B721EC21}.Debug|Any CPU.ActiveCfg = Debug|Any CPU
		{7987F83D-D955-4D26-85B2-4244B721EC21}.Debug|Any CPU.Build.0 = Debug|Any CPU
		{7987F83D-D955-4D26-85B2-4244B721EC21}.Release|Any CPU.ActiveCfg = Release|Any CPU
		{7987F83D-D955-4D26-85B2-4244B721EC21}.Release|Any CPU.Build.0 = Release|Any CPU
		{A71FC665-1084-4E42-AA92-445590667743}.Debug|Any CPU.ActiveCfg = Debug|Any CPU
		{A71FC665-1084-4E42-AA92-445590667743}.Debug|Any CPU.Build.0 = Debug|Any CPU
		{A71FC665-1084-4E42-AA92-445590667743}.Release|Any CPU.ActiveCfg = Release|Any CPU
		{A71FC665-1084-4E42-AA92-445590667743}.Release|Any CPU.Build.0 = Release|Any CPU
		{62718CE4-6755-4FF6-AB5C-B8C50C87578D}.Debug|Any CPU.ActiveCfg = Debug|Any CPU
		{62718CE4-6755-4FF6-AB5C-B8C50C87578D}.Debug|Any CPU.Build.0 = Debug|Any CPU
		{62718CE4-6755-4FF6-AB5C-B8C50C87578D}.Release|Any CPU.ActiveCfg = Release|Any CPU
		{62718CE4-6755-4FF6-AB5C-B8C50C87578D}.Release|Any CPU.Build.0 = Release|Any CPU
	EndGlobalSection
	GlobalSection(NestedProjects) = preSolution
		{FB71BD7F-9733-49B3-9959-EF3272F27938} = {C4166B00-F1E3-47ED-A528-3B28E01DA5F0}
		{C6948E2E-BEA7-43E2-9CED-697F656C1752} = {C4166B00-F1E3-47ED-A528-3B28E01DA5F0}
		{E64FAD87-D53E-4ABB-B7D9-57A7F04CAD95} = {C4166B00-F1E3-47ED-A528-3B28E01DA5F0}
		{F3948D65-86E7-4666-BC7D-CC8512F11090} = {C4166B00-F1E3-47ED-A528-3B28E01DA5F0}
		{AB0D4417-3306-430A-8D04-99C1A2B441C6} = {C4166B00-F1E3-47ED-A528-3B28E01DA5F0}
		{E5894EA4-0638-4F61-BBC3-F5707153526B} = {C4166B00-F1E3-47ED-A528-3B28E01DA5F0}
		{1CA147A2-341B-49B2-B0BE-832AABB4E8C7} = {C4166B00-F1E3-47ED-A528-3B28E01DA5F0}
		{F818EAE4-9DBD-4D00-B76C-C1EFF7933CA0} = {C4166B00-F1E3-47ED-A528-3B28E01DA5F0}
		{59DFF3C6-4E57-4637-8EA1-E4ADAE3A1589} = {C4166B00-F1E3-47ED-A528-3B28E01DA5F0}
		{665667B9-8E5B-4D0C-9C52-7408E7F13F4A} = {C4166B00-F1E3-47ED-A528-3B28E01DA5F0}
		{ABF5EF28-F033-4DA3-AD77-D6C821CFA8C3} = {C4557591-384E-4D61-8F16-D8E4A0B64846}
		{6E5A49D0-F5B7-4551-A0FA-EE0524B0D43A} = {C4557591-384E-4D61-8F16-D8E4A0B64846}
		{C9972120-56EB-4DD5-8B11-276CE4650EE5} = {C4557591-384E-4D61-8F16-D8E4A0B64846}
		{A25C134A-0728-4E98-8526-72D789AED982} = {C4557591-384E-4D61-8F16-D8E4A0B64846}
		{75561357-C165-46AF-85AF-3F8E8BE705CA} = {C4557591-384E-4D61-8F16-D8E4A0B64846}
		{7987F83D-D955-4D26-85B2-4244B721EC21} = {C4557591-384E-4D61-8F16-D8E4A0B64846}
		{A71FC665-1084-4E42-AA92-445590667743} = {C4557591-384E-4D61-8F16-D8E4A0B64846}
		{62718CE4-6755-4FF6-AB5C-B8C50C87578D} = {C4557591-384E-4D61-8F16-D8E4A0B64846}
	EndGlobalSection
EndGlobal
